
Microsoft Visual Studio Solution File, Format Version 12.00
# Visual Studio Version 17
VisualStudioVersion = 17.4.33205.214
MinimumVisualStudioVersion = 10.0.40219.1
Project("{9A19103F-16F7-4668-BE54-9A1E7A4F7556}") = "GetCarByIdWorker", "GetCarByIdWorker\GetCarByIdWorker.csproj", "{FC0D1B45-F9F8-4C16-B1F7-11FB799E36E4}"
EndProject
Project("{9A19103F-16F7-4668-BE54-9A1E7A4F7556}") = "FindEfficientCarWorker", "FindEfficientCarWorker\FindEfficientCarWorker.csproj", "{9A10B3D7-00A0-4998-B357-0AB5642E2620}"
EndProject
Project("{9A19103F-16F7-4668-BE54-9A1E7A4F7556}") = "GetCarsByMakeWorker", "GetCarsByMakeWorker\GetCarsByMakeWorker.csproj", "{2122D9E0-4221-4F81-B01B-807D30393300}"
EndProject
Global
	GlobalSection(SolutionConfigurationPlatforms) = preSolution
		Debug|Any CPU = Debug|Any CPU
		Release|Any CPU = Release|Any CPU
	EndGlobalSection
	GlobalSection(ProjectConfigurationPlatforms) = postSolution
		{FC0D1B45-F9F8-4C16-B1F7-11FB799E36E4}.Debug|Any CPU.ActiveCfg = Debug|Any CPU
		{FC0D1B45-F9F8-4C16-B1F7-11FB799E36E4}.Debug|Any CPU.Build.0 = Debug|Any CPU
		{FC0D1B45-F9F8-4C16-B1F7-11FB799E36E4}.Release|Any CPU.ActiveCfg = Release|Any CPU
		{FC0D1B45-F9F8-4C16-B1F7-11FB799E36E4}.Release|Any CPU.Build.0 = Release|Any CPU
		{9A10B3D7-00A0-4998-B357-0AB5642E2620}.Debug|Any CPU.ActiveCfg = Debug|Any CPU
		{9A10B3D7-00A0-4998-B357-0AB5642E2620}.Debug|Any CPU.Build.0 = Debug|Any CPU
		{9A10B3D7-00A0-4998-B357-0AB5642E2620}.Release|Any CPU.ActiveCfg = Release|Any CPU
		{9A10B3D7-00A0-4998-B357-0AB5642E2620}.Release|Any CPU.Build.0 = Release|Any CPU
		{2122D9E0-4221-4F81-B01B-807D30393300}.Debug|Any CPU.ActiveCfg = Debug|Any CPU
		{2122D9E0-4221-4F81-B01B-807D30393300}.Debug|Any CPU.Build.0 = Debug|Any CPU
		{2122D9E0-4221-4F81-B01B-807D30393300}.Release|Any CPU.ActiveCfg = Release|Any CPU
		{2122D9E0-4221-4F81-B01B-807D30393300}.Release|Any CPU.Build.0 = Release|Any CPU
	EndGlobalSection
	GlobalSection(SolutionProperties) = preSolution
		HideSolutionNode = FALSE
	EndGlobalSection
	GlobalSection(ExtensibilityGlobals) = postSolution
		SolutionGuid = {D4E18ACF-5F0C-4EDE-B521-9D7BF9A24027}
	EndGlobalSection
EndGlobal
